DEPENDENCIES
  bamboo
    path: cookbooks/bamboo
  confluence
    path: cookbooks/confluence
  crowd
    path: cookbooks/crowd
  jira
    path: cookbooks/jira
  reverse-proxy
    path: cookbooks/reverse-proxy
  stash
    path: cookbooks/stash

GRAPH
  apt (2.7.0)
  bamboo (0.1.0)
    java (>= 0.0.0)
  build-essential (2.2.2)
  chef-sugar (3.1.0)
  confluence (0.1.0)
    database (>= 0.0.0)
    java (>= 0.0.0)
  crowd (0.1.0)
    database (>= 0.0.0)
    java (>= 0.0.0)
  database (4.0.5)
    postgresql (>= 1.0.0)
  java (1.31.0)
  jira (0.1.0)
    database (>= 0.0.0)
    java (>= 0.0.0)
  openssl (4.0.0)
    chef-sugar (>= 0.0.0)
  postgresql (3.4.18)
    apt (>= 1.9.0)
    build-essential (>= 0.0.0)
    openssl (~> 4.0.0)
  reverse-proxy (0.1.0)
    apt (>= 0.0.0)
  stash (0.1.0)
    database (>= 0.0.0)
    java (>= 0.0.0)
